
Microsoft Visual Studio Solution File, Format Version 12.00
# Visual Studio 2017
Project("{FAE04EC0-301F-11D3-BF4B-00C04F79EFBC}") = "Flebibazio", "Flebibazio.csproj", "{A6BF1E7C-983C-ECCD-7598-78A4FC2DC02B}"
EndProject
Global
	GlobalSection(SolutionConfigurationPlatforms) = preSolution
		Debug|Any CPU = Debug|Any CPU
		Release|Any CPU = Release|Any CPU
	EndGlobalSection
	GlobalSection(ProjectConfigurationPlatforms) = postSolution
		{A6BF1E7C-983C-ECCD-7598-78A4FC2DC02B}.Debug|Any CPU.ActiveCfg = Debug|Any CPU
		{A6BF1E7C-983C-ECCD-7598-78A4FC2DC02B}.Debug|Any CPU.Build.0 = Debug|Any CPU
		{A6BF1E7C-983C-ECCD-7598-78A4FC2DC02B}.Release|Any CPU.ActiveCfg = Release|Any CPU
		{A6BF1E7C-983C-ECCD-7598-78A4FC2DC02B}.Release|Any CPU.Build.0 = Release|Any CPU
	EndGlobalSection
	GlobalSection(SolutionProperties) = preSolution
		HideSolutionNode = FALSE
	EndGlobalSection
EndGlobal
