
Microsoft Visual Studio Solution File, Format Version 12.00
# Visual Studio 2017
Project("{FAE04EC0-301F-11D3-BF4B-00C04F79EFBC}") = "Puzzle Test", "Puzzle Test.csproj", "{EEE218CB-22C0-1BEB-4500-C68D00A49B9F}"
EndProject
Global
	GlobalSection(SolutionConfigurationPlatforms) = preSolution
		Debug|Any CPU = Debug|Any CPU
		Release|Any CPU = Release|Any CPU
	EndGlobalSection
	GlobalSection(ProjectConfigurationPlatforms) = postSolution
		{EEE218CB-22C0-1BEB-4500-C68D00A49B9F}.Debug|Any CPU.ActiveCfg = Debug|Any CPU
		{EEE218CB-22C0-1BEB-4500-C68D00A49B9F}.Debug|Any CPU.Build.0 = Debug|Any CPU
		{EEE218CB-22C0-1BEB-4500-C68D00A49B9F}.Release|Any CPU.ActiveCfg = Release|Any CPU
		{EEE218CB-22C0-1BEB-4500-C68D00A49B9F}.Release|Any CPU.Build.0 = Release|Any CPU
	EndGlobalSection
	GlobalSection(SolutionProperties) = preSolution
		HideSolutionNode = FALSE
	EndGlobalSection
EndGlobal
